
Microsoft Visual Studio Solution File, Format Version 12.00
# Visual Studio Version 17
VisualStudioVersion = 17.3.32825.248
MinimumVisualStudioVersion = 10.0.40219.1
Project("{8BC9CEB8-8B4A-11D0-8D11-00A0C91BC942}") = "7", "7\7.vcxproj", "{E14DAA10-2D87-46AF-BE3D-7500CF144AFB}"
EndProject
Global
	GlobalSection(SolutionConfigurationPlatforms) = preSolution
		Debug|x64 = Debug|x64
		Debug|x86 = Debug|x86
		Release|x64 = Release|x64
		Release|x86 = Release|x86
	EndGlobalSection
	GlobalSection(ProjectConfigurationPlatforms) = postSolution
		{E14DAA10-2D87-46AF-BE3D-7500CF144AFB}.Debug|x64.ActiveCfg = Debug|x64
		{E14DAA10-2D87-46AF-BE3D-7500CF144AFB}.Debug|x64.Build.0 = Debug|x64
		{E14DAA10-2D87-46AF-BE3D-7500CF144AFB}.Debug|x86.ActiveCfg = Debug|Win32
		{E14DAA10-2D87-46AF-BE3D-7500CF144AFB}.Debug|x86.Build.0 = Debug|Win32
		{E14DAA10-2D87-46AF-BE3D-7500CF144AFB}.Release|x64.ActiveCfg = Release|x64
		{E14DAA10-2D87-46AF-BE3D-7500CF144AFB}.Release|x64.Build.0 = Release|x64
		{E14DAA10-2D87-46AF-BE3D-7500CF144AFB}.Release|x86.ActiveCfg = Release|Win32
		{E14DAA10-2D87-46AF-BE3D-7500CF144AFB}.Release|x86.Build.0 = Release|Win32
	EndGlobalSection
	GlobalSection(SolutionProperties) = preSolution
		HideSolutionNode = FALSE
	EndGlobalSection
	GlobalSection(ExtensibilityGlobals) = postSolution
		SolutionGuid = {65E4E1D5-80B6-44AB-912D-1760E1CF4CE2}
	EndGlobalSection
EndGlobal
